{
  "version": 4,
  "terraform_version": "0.13.5",
  "serial": 5,
  "lineage": "d077901d-ff84-4d38-2d05-763f901104b5",
  "outputs": {},
  "resources": [
    {
      "mode": "managed",
      "type": "azurerm_resource_group",
      "name": "ncisglab",
      "provider": "provider[\"registry.terraform.io/hashicorp/azurerm\"]",
      "instances": [
        {
          "schema_version": 0,
          "attributes": {
            "id": "/subscriptions/3ed1bd30-7f5d-4de7-a59f-609afa2d1c98/resourceGroups/ncisglab-terraform",
            "location": "westus2",
            "name": "ncisglab-terraform",
            "tags": null,
            "timeouts": null
          },
          "private": "eyJlMmJmYjczMC1lY2FhLTExZTYtOGY4OC0zNDM2M2JjN2M0YzAiOnsiY3JlYXRlIjo1NDAwMDAwMDAwMDAwLCJkZWxldGUiOjU0MDAwMDAwMDAwMDAsInJlYWQiOjMwMDAwMDAwMDAwMCwidXBkYXRlIjo1NDAwMDAwMDAwMDAwfX0="
        }
      ]
    },
    {
      "mode": "managed",
      "type": "azurerm_subnet",
      "name": "ncisglab-servers",
      "provider": "provider[\"registry.terraform.io/hashicorp/azurerm\"]",
      "instances": [
        {
          "schema_version": 0,
          "attributes": {
            "address_prefix": "192.168.10.0/24",
            "address_prefixes": [
              "192.168.10.0/24"
            ],
            "delegation": [],
            "enforce_private_link_endpoint_network_policies": false,
            "enforce_private_link_service_network_policies": false,
            "id": "/subscriptions/3ed1bd30-7f5d-4de7-a59f-609afa2d1c98/resourceGroups/ncisglab-terraform/providers/Microsoft.Network/virtualNetworks/internal-network/subnets/subnet-servers",
            "name": "subnet-servers",
            "resource_group_name": "ncisglab-terraform",
            "service_endpoints": null,
            "timeouts": null,
            "virtual_network_name": "internal-network"
          },
          "private": "eyJlMmJmYjczMC1lY2FhLTExZTYtOGY4OC0zNDM2M2JjN2M0YzAiOnsiY3JlYXRlIjoxODAwMDAwMDAwMDAwLCJkZWxldGUiOjE4MDAwMDAwMDAwMDAsInJlYWQiOjMwMDAwMDAwMDAwMCwidXBkYXRlIjoxODAwMDAwMDAwMDAwfX0=",
          "dependencies": [
            "azurerm_resource_group.ncisglab",
            "azurerm_virtual_network.intnet"
          ]
        }
      ]
    },
    {
      "mode": "managed",
      "type": "azurerm_subnet",
      "name": "ncisglab-workstations",
      "provider": "provider[\"registry.terraform.io/hashicorp/azurerm\"]",
      "instances": [
        {
          "schema_version": 0,
          "attributes": {
            "address_prefix": "192.168.20.0/24",
            "address_prefixes": [
              "192.168.20.0/24"
            ],
            "delegation": [],
            "enforce_private_link_endpoint_network_policies": false,
            "enforce_private_link_service_network_policies": false,
            "id": "/subscriptions/3ed1bd30-7f5d-4de7-a59f-609afa2d1c98/resourceGroups/ncisglab-terraform/providers/Microsoft.Network/virtualNetworks/internal-network/subnets/subnet-workstations",
            "name": "subnet-workstations",
            "resource_group_name": "ncisglab-terraform",
            "service_endpoints": null,
            "timeouts": null,
            "virtual_network_name": "internal-network"
          },
          "private": "eyJlMmJmYjczMC1lY2FhLTExZTYtOGY4OC0zNDM2M2JjN2M0YzAiOnsiY3JlYXRlIjoxODAwMDAwMDAwMDAwLCJkZWxldGUiOjE4MDAwMDAwMDAwMDAsInJlYWQiOjMwMDAwMDAwMDAwMCwidXBkYXRlIjoxODAwMDAwMDAwMDAwfX0=",
          "dependencies": [
            "azurerm_resource_group.ncisglab",
            "azurerm_virtual_network.intnet"
          ]
        }
      ]
    },
    {
      "mode": "managed",
      "type": "azurerm_virtual_network",
      "name": "intnet",
      "provider": "provider[\"registry.terraform.io/hashicorp/azurerm\"]",
      "instances": [
        {
          "schema_version": 0,
          "attributes": {
            "address_space": [
              "192.168.0.0/16"
            ],
            "bgp_community": "",
            "ddos_protection_plan": [],
            "dns_servers": null,
            "guid": "6dbc9480-9a4a-4bbf-82e3-01156ef17577",
            "id": "/subscriptions/3ed1bd30-7f5d-4de7-a59f-609afa2d1c98/resourceGroups/ncisglab-terraform/providers/Microsoft.Network/virtualNetworks/internal-network",
            "location": "westus2",
            "name": "internal-network",
            "resource_group_name": "ncisglab-terraform",
            "subnet": [],
            "tags": null,
            "timeouts": null,
            "vm_protection_enabled": false
          },
          "private": "eyJlMmJmYjczMC1lY2FhLTExZTYtOGY4OC0zNDM2M2JjN2M0YzAiOnsiY3JlYXRlIjoxODAwMDAwMDAwMDAwLCJkZWxldGUiOjE4MDAwMDAwMDAwMDAsInJlYWQiOjMwMDAwMDAwMDAwMCwidXBkYXRlIjoxODAwMDAwMDAwMDAwfX0=",
          "dependencies": [
            "azurerm_resource_group.ncisglab"
          ]
        }
      ]
    }
  ]
}
